schema: '2.0'
stages:
  video_learning:
    cmd: python video_pipeline/learning.py
    deps:
    - path: data/video/signal
      md5: 51bb2090fad2858b6aae19b82bac4d3a.dir
      size: 762696790
      nfiles: 2
    params:
      params.yaml:
        video_train:
          batch_size: 1000
          learning_rate: 0.0001
          epochs: 8
          model_name: ParamUnet
          layers:
          - 4
          - 8
          - 16
          - 32
          - 64
          - 64
          - 32
          - 16
          - 8
          - 4
          frames_number: 1
          frames_interval: 1
    outs:
    - path: data/v_model
      md5: 708955cbf586741d70ca5c5290bc6e4d.dir
      size: 1114893
      nfiles: 1
    - path: reports/full_test_loss.csv
      md5: 34656d105eefd6c94091702a1a49916c
      size: 184
    - path: reports/full_train_loss.csv
      md5: 0dddc3875963294c21f534f3147475b7
      size: 183
    - path: reports/v_summary.json
      md5: a5f89770cd4960ab87aae016e1385bc9
      size: 81
  video_sim:
    cmd: python video_pipeline/video_sim_runner.py
    deps:
    - path: data/video/pressure
      md5: 2c5f037541b57703901aeaead0cdae3d.dir
      size: 809807812
      nfiles: 2
    - path: video_pipeline/video_sim_runner.py
      md5: 5f758948e44176c194b94856a90f636a
      size: 2246
    params:
      params.yaml:
        env.phys.gaus_kernel_size: 13
        env.phys.kof: 15
        env.sen_geometry.n_angles: 4
    outs:
    - path: data/video/signal
      md5: 51bb2090fad2858b6aae19b82bac4d3a.dir
      size: 762696790
      nfiles: 2
  visual:
    cmd: python video_pipeline/prediction_visualization.py
    deps:
    - path: data/v_model
      md5: 708955cbf586741d70ca5c5290bc6e4d.dir
      size: 1114893
      nfiles: 1
    params:
      params.yaml:
        visual:
          test/test:
            step: 32
            max_items: 128
          train/train_videos:
            step: 32
            max_items: 32
    outs:
    - path: data/video/predict_vis
      md5: d765021027d957afaa8363d72c0c14b1.dir
      size: 16123146
      nfiles: 65
  push_logs:
    cmd: python csv_logger.py
    deps:
    - path: reports
      md5: df6f522f7afa5678d898681f39708012.dir
      size: 484
      nfiles: 4
